// !$*UTF8*$!
{
	archiveVersion = 1;
	classes = {
	};
	objectVersion = 46;
	objects = {

/* Begin PBXBuildFile section */
		E7B90C251D499125006DA7D8 /* AppDelegate.swift in Sources */ = {isa = PBXBuildFile; fileRef = E7B90C1C1D499125006DA7D8 /* AppDelegate.swift */; };
		E7B90C261D499125006DA7D8 /* Assets.xcassets in Resources */ = {isa = PBXBuildFile; fileRef = E7B90C201D499125006DA7D8 /* Assets.xcassets */; };
/* End PBXBuildFile section */

/* Begin PBXFileReference section */
		E7B90C061D498EFB006DA7D8 /* Pumpkin.app */ = {isa = PBXFileReference; explicitFileType = wrapper.application; includeInIndex = 0; path = Pumpkin.app; sourceTree = BUILT_PRODUCTS_DIR; };
		E7B90C1C1D499125006DA7D8 /* AppDelegate.swift */ = {isa = PBXFileReference; fileEncoding = 4; lastKnownFileType = sourcecode.swift; path = AppDelegate.swift; sourceTree = "<group>"; };
		E7B90C201D499125006DA7D8 /* Assets.xcassets */ = {isa = PBXFileReference; lastKnownFileType = folder.assetcatalog; path = Assets.xcassets; sourceTree = "<group>"; };
		E7B90C231D499125006DA7D8 /* Info.plist */ = {isa = PBXFileReference; fileEncoding = 4; lastKnownFileType = text.plist.xml; path = Info.plist; sourceTree = "<group>"; };
/* End PBXFileReference section */

/* Begin PBXFrameworksBuildPhase section */
		E7B90C031D498EFB006DA7D8 /* Frameworks */ = {
			isa = PBXFrameworksBuildPhase;
			buildActionMask = 2147483647;
			files = (
			);
			runOnlyForDeploymentPostprocessing = 0;
		};
/* End PBXFrameworksBuildPhase section */

/* Begin PBXGroup section */
		E7B90BFD1D498EFB006DA7D8 = {
			isa = PBXGroup;
			children = (
				E7B90C1B1D499125006DA7D8 /* Application */,
				E7B90C1D1D499125006DA7D8 /* Library */,
				E7B90C1E1D499125006DA7D8 /* Modules */,
				E7B90C1F1D499125006DA7D8 /* Resources */,
				E7B90C211D499125006DA7D8 /* Shared */,
				E7B90C221D499125006DA7D8 /* Supporting Files */,
				E7B90C241D499125006DA7D8 /* Vendor */,
				E7B90C071D498EFB006DA7D8 /* Products */,
			);
			sourceTree = "<group>";
		};
		E7B90C071D498EFB006DA7D8 /* Products */ = {
			isa = PBXGroup;
			children = (
				E7B90C061D498EFB006DA7D8 /* Pumpkin.app */,
			);
			name = Products;
			sourceTree = "<group>";
		};
		E7B90C1B1D499125006DA7D8 /* Application */ = {
			isa = PBXGroup;
			children = (
				E7B90C1C1D499125006DA7D8 /* AppDelegate.swift */,
			);
			path = Application;
			sourceTree = "<group>";
		};
		E7B90C1D1D499125006DA7D8 /* Library */ = {
			isa = PBXGroup;
			children = (
			);
			path = Library;
			sourceTree = "<group>";
		};
		E7B90C1E1D499125006DA7D8 /* Modules */ = {
			isa = PBXGroup;
			children = (
			);
			path = Modules;
			sourceTree = "<group>";
		};
		E7B90C1F1D499125006DA7D8 /* Resources */ = {
			isa = PBXGroup;
			children = (
				E7B90C201D499125006DA7D8 /* Assets.xcassets */,
			);
			path = Resources;
			sourceTree = "<group>";
		};
		E7B90C211D499125006DA7D8 /* Shared */ = {
			isa = PBXGroup;
			children = (
			);
			path = Shared;
			sourceTree = "<group>";
		};
		E7B90C221D499125006DA7D8 /* Supporting Files */ = {
			isa = PBXGroup;
			children = (
				E7B90C231D499125006DA7D8 /* Info.plist */,
			);
			path = "Supporting Files";
			sourceTree = "<group>";
		};
		E7B90C241D499125006DA7D8 /* Vendor */ = {
			isa = PBXGroup;
			children = (
			);
			path = Vendor;
			sourceTree = "<group>";
		};
/* End PBXGroup section */

/* Begin PBXNativeTarget section */
		E7B90C051D498EFB006DA7D8 /* Pumpkin */ = {
			isa = PBXNativeTarget;
			buildConfigurationList = E7B90C181D498EFB006DA7D8 /* Build configuration list for PBXNativeTarget "Pumpkin" */;
			buildPhases = (
				E7B90C021D498EFB006DA7D8 /* Sources */,
				E7B90C031D498EFB006DA7D8 /* Frameworks */,
				E7B90C041D498EFB006DA7D8 /* Resources */,
			);
			buildRules = (
			);
			dependencies = (
			);
			name = Pumpkin;
			productName = Pumpkin;
			productReference = E7B90C061D498EFB006DA7D8 /* Pumpkin.app */;
			productType = "com.apple.product-type.application";
		};
/* End PBXNativeTarget section */

/* Begin PBXProject section */
		E7B90BFE1D498EFB006DA7D8 /* Project object */ = {
			isa = PBXProject;
			attributes = {
				LastSwiftUpdateCheck = 0730;
				LastUpgradeCheck = 0730;
				ORGANIZATIONNAME = "The Great Pumpkin";
				TargetAttributes = {
					E7B90C051D498EFB006DA7D8 = {
						CreatedOnToolsVersion = 7.3.1;
					};
				};
			};
			buildConfigurationList = E7B90C011D498EFB006DA7D8 /* Build configuration list for PBXProject "Pumpkin" */;
			compatibilityVersion = "Xcode 3.2";
			developmentRegion = English;
			hasScannedForEncodings = 0;
			knownRegions = (
				en,
				Base,
			);
			mainGroup = E7B90BFD1D498EFB006DA7D8;
			productRefGroup = E7B90C071D498EFB006DA7D8 /* Products */;
			projectDirPath = "";
			projectRoot = "";
			targets = (
				E7B90C051D498EFB006DA7D8 /* Pumpkin */,
			);
		};
/* End PBXProject section */

/* Begin PBXResourcesBuildPhase section */
		E7B90C041D498EFB006DA7D8 /* Resources */ = {
			isa = PBXResourcesBuildPhase;
			buildActionMask = 2147483647;
			files = (
				E7B90C261D499125006DA7D8 /* Assets.xcassets in Resources */,
			);
			runOnlyForDeploymentPostprocessing = 0;
		};
/* End PBXResourcesBuildPhase section */

/* Begin PBXSourcesBuildPhase section */
		E7B90C021D498EFB006DA7D8 /* Sources */ = {
			isa = PBXSourcesBuildPhase;
			buildActionMask = 2147483647;
			files = (
				E7B90C251D499125006DA7D8 /* AppDelegate.swift in Sources */,
			);
			runOnlyForDeploymentPostprocessing = 0;
		};
/* End PBXSourcesBuildPhase section */

/* Begin XCBuildConfiguration section */
		E7B90C161D498EFB006DA7D8 /* Debug */ = {
			isa = XCBuildConfiguration;
			buildSettings = {
				ALWAYS_SEARCH_USER_PATHS = NO;
				CLANG_ANALYZER_NONNULL = YES;
				CLANG_CXX_LANGUAGE_STANDARD = "gnu++0x";
				CLANG_CXX_LIBRARY = "libc++";
				CLANG_ENABLE_MODULES = YES;
				CLANG_ENABLE_OBJC_ARC = YES;
				CLANG_WARN_BOOL_CONVERSION = YES;
				CLANG_WARN_CONSTANT_CONVERSION = YES;
				CLANG_WARN_DIRECT_OBJC_ISA_USAGE = YES_ERROR;
				CLANG_WARN_EMPTY_BODY = YES;
				CLANG_WARN_ENUM_CONVERSION = YES;
				CLANG_WARN_INT_CONVERSION = YES;
				CLANG_WARN_OBJC_ROOT_CLASS = YES_ERROR;
				CLANG_WARN_UNREACHABLE_CODE = YES;
				CLANG_WARN__DUPLICATE_METHOD_MATCH = YES;
				"CODE_SIGN_IDENTITY[sdk=iphoneos*]" = "iPhone Developer";
				COPY_PHASE_STRIP = NO;
				DEBUG_INFORMATION_FORMAT = dwarf;
				ENABLE_STRICT_OBJC_MSGSEND = YES;
				ENABLE_TESTABILITY = YES;
				GCC_C_LANGUAGE_STANDARD = gnu99;
				GCC_DYNAMIC_NO_PIC = NO;
				GCC_NO_COMMON_BLOCKS = YES;
				GCC_OPTIMIZATION_LEVEL = 0;
				GCC_PREPROCESSOR_DEFINITIONS = (
					"DEBUG=1",
					"$(inherited)",
				);
				GCC_WARN_64_TO_32_BIT_CONVERSION = YES;
				GCC_WARN_ABOUT_RETURN_TYPE = YES_ERROR;
				GCC_WARN_UNDECLARED_SELECTOR = YES;
				GCC_WARN_UNINITIALIZED_AUTOS = YES_AGGRESSIVE;
				GCC_WARN_UNUSED_FUNCTION = YES;
				GCC_WARN_UNUSED_VARIABLE = YES;
				IPHONEOS_DEPLOYMENT_TARGET = 9.3;
				MTL_ENABLE_DEBUG_INFO = YES;
				ONLY_ACTIVE_ARCH = YES;
				SDKROOT = iphoneos;
				SWIFT_OPTIMIZATION_LEVEL = "-Onone";
			};
			name = Debug;
		};
		E7B90C171D498EFB006DA7D8 /* Release */ = {
			isa = XCBuildConfiguration;
			buildSettings = {
				ALWAYS_SEARCH_USER_PATHS = NO;
				CLANG_ANALYZER_NONNULL = YES;
				CLANG_CXX_LANGUAGE_STANDARD = "gnu++0x";
				CLANG_CXX_LIBRARY = "libc++";
				CLANG_ENABLE_MODULES = YES;
				CLANG_ENABLE_OBJC_ARC = YES;
				CLANG_WARN_BOOL_CONVERSION = YES;
				CLANG_WARN_CONSTANT_CONVERSION = YES;
				CLANG_WARN_DIRECT_OBJC_ISA_USAGE = YES_ERROR;
				CLANG_WARN_EMPTY_BODY = YES;
				CLANG_WARN_ENUM_CONVERSION = YES;
				CLANG_WARN_INT_CONVERSION = YES;
				CLANG_WARN_OBJC_ROOT_CLASS = YES_ERROR;
				CLANG_WARN_UNREACHABLE_CODE = YES;
				CLANG_WARN__DUPLICATE_METHOD_MATCH = YES;
				"CODE_SIGN_IDENTITY[sdk=iphoneos*]" = "iPhone Developer";
				COPY_PHASE_STRIP = NO;
				DEBUG_INFORMATION_FORMAT = "dwarf-with-dsym";
				ENABLE_NS_ASSERTIONS = NO;
				ENABLE_STRICT_OBJC_MSGSEND = YES;
				GCC_C_LANGUAGE_STANDARD = gnu99;
				GCC_NO_COMMON_BLOCKS = YES;
				GCC_WARN_64_TO_32_BIT_CONVERSION = YES;
				GCC_WARN_ABOUT_RETURN_TYPE = YES_ERROR;
				GCC_WARN_UNDECLARED_SELECTOR = YES;
				GCC_WARN_UNINITIALIZED_AUTOS = YES_AGGRESSIVE;
				GCC_WARN_UNUSED_FUNCTION = YES;
				GCC_WARN_UNUSED_VARIABLE = YES;
				IPHONEOS_DEPLOYMENT_TARGET = 9.3;
				MTL_ENABLE_DEBUG_INFO = NO;
				SDKROOT = iphoneos;
				VALIDATE_PRODUCT = YES;
			};
			name = Release;
		};
		E7B90C191D498EFB006DA7D8 /* Debug */ = {
			isa = XCBuildConfiguration;
			buildSettings = {
				ASSETCATALOG_COMPILER_APPICON_NAME = AppIcon;
				INFOPLIST_FILE = "$(SRCROOT)/Supporting Files/Info.plist";
				LD_RUNPATH_SEARCH_PATHS = "$(inherited) @executable_path/Frameworks";
				PRODUCT_BUNDLE_IDENTIFIER = com.thegreatpumpkin.Pumpkin;
				PRODUCT_NAME = "$(TARGET_NAME)";
			};
			name = Debug;
		};
		E7B90C1A1D498EFB006DA7D8 /* Release */ = {
			isa = XCBuildConfiguration;
			buildSettings = {
				ASSETCATALOG_COMPILER_APPICON_NAME = AppIcon;
				INFOPLIST_FILE = "$(SRCROOT)/Supporting Files/Info.plist";
				LD_RUNPATH_SEARCH_PATHS = "$(inherited) @executable_path/Frameworks";
				PRODUCT_BUNDLE_IDENTIFIER = com.thegreatpumpkin.Pumpkin;
				PRODUCT_NAME = "$(TARGET_NAME)";
			};
			name = Release;
		};
/* End XCBuildConfiguration section */

/* Begin XCConfigurationList section */
		E7B90C011D498EFB006DA7D8 /* Build configuration list for PBXProject "Pumpkin" */ = {
			isa = XCConfigurationList;
			buildConfigurations = (
				E7B90C161D498EFB006DA7D8 /* Debug */,
				E7B90C171D498EFB006DA7D8 /* Release */,
			);
			defaultConfigurationIsVisible = 0;
			defaultConfigurationName = Release;
		};
		E7B90C181D498EFB006DA7D8 /* Build configuration list for PBXNativeTarget "Pumpkin" */ = {
			isa = XCConfigurationList;
			buildConfigurations = (
				E7B90C191D498EFB006DA7D8 /* Debug */,
				E7B90C1A1D498EFB006DA7D8 /* Release */,
			);
			defaultConfigurationIsVisible = 0;
		};
/* End XCConfigurationList section */
	};
	rootObject = E7B90BFE1D498EFB006DA7D8 /* Project object */;
}
